
Microsoft Visual Studio Solution File, Format Version 12.00
# Visual Studio 15
VisualStudioVersion = 15.0.27004.2005
MinimumVisualStudioVersion = 10.0.40219.1
Project("{FAE04EC0-301F-11D3-BF4B-00C04F79EFBC}") = "Thaicarontour2", "Thaicarontour2\Thaicarontour2.csproj", "{AC76CBB4-CB4F-4F52-B44D-7B17F30BAC8B}"
EndProject
Global
	GlobalSection(SolutionConfigurationPlatforms) = preSolution
		Debug|Any CPU = Debug|Any CPU
		Release|Any CPU = Release|Any CPU
	EndGlobalSection
	GlobalSection(ProjectConfigurationPlatforms) = postSolution
		{AC76CBB4-CB4F-4F52-B44D-7B17F30BAC8B}.Debug|Any CPU.ActiveCfg = Debug|Any CPU
		{AC76CBB4-CB4F-4F52-B44D-7B17F30BAC8B}.Debug|Any CPU.Build.0 = Debug|Any CPU
		{AC76CBB4-CB4F-4F52-B44D-7B17F30BAC8B}.Release|Any CPU.ActiveCfg = Release|Any CPU
		{AC76CBB4-CB4F-4F52-B44D-7B17F30BAC8B}.Release|Any CPU.Build.0 = Release|Any CPU
	EndGlobalSection
	GlobalSection(SolutionProperties) = preSolution
		HideSolutionNode = FALSE
	EndGlobalSection
	GlobalSection(ExtensibilityGlobals) = postSolution
		SolutionGuid = {34696DDA-F61C-46BC-A9D1-D53EDC86DBE7}
	EndGlobalSection
EndGlobal
